PODS:
  - M13PDFKit (1.0.2):
    - TTOpenInAppActivity
  - TTOpenInAppActivity (1.0)

DEPENDENCIES:
  - M13PDFKit (= 1.0.2)

SPEC CHECKSUMS:
  M13PDFKit: bc121a55ccb8ddfcf3982f1a5a8592b9f492cd73
  TTOpenInAppActivity: c2218fe419d03ddd4ffb1f07d52d66e0d213d0d4

PODFILE CHECKSUM: 4f49fc1f002f63bc47ea53c5fcba1297603ce86e

COCOAPODS: 1.4.0
