// !$*UTF8*$!
{
	archiveVersion = 1;
	classes = {
	};
	objectVersion = 48;
	objects = {

/* Begin PBXBuildFile section */
		293A7938F2ECF8B7C4C1C924 /* Pods_TuringCalendar.framework in Frameworks */ = {isa = PBXBuildFile; fileRef = 1C10145A506D09A7CB90227D /* Pods_TuringCalendar.framework */; };
		B426B1C82031AA040020B11D /* AppDelegate.swift in Sources */ = {isa = PBXBuildFile; fileRef = B426B1C72031AA040020B11D /* AppDelegate.swift */; };
		B426B1CA2031AA040020B11D /* ViewController.swift in Sources */ = {isa = PBXBuildFile; fileRef = B426B1C92031AA040020B11D /* ViewController.swift */; };
		B426B1CD2031AA040020B11D /* Main.storyboard in Resources */ = {isa = PBXBuildFile; fileRef = B426B1CB2031AA040020B11D /* Main.storyboard */; };
		B426B1CF2031AA040020B11D /* Assets.xcassets in Resources */ = {isa = PBXBuildFile; fileRef = B426B1CE2031AA040020B11D /* Assets.xcassets */; };
		B426B1D22031AA040020B11D /* LaunchScreen.storyboard in Resources */ = {isa = PBXBuildFile; fileRef = B426B1D02031AA040020B11D /* LaunchScreen.storyboard */; };
		B426B1DA2031AA470020B11D /* calendar.pdf in Resources */ = {isa = PBXBuildFile; fileRef = B426B1D92031AA470020B11D /* calendar.pdf */; };
/* End PBXBuildFile section */

/* Begin PBXFileReference section */
		1C10145A506D09A7CB90227D /* Pods_TuringCalendar.framework */ = {isa = PBXFileReference; explicitFileType = wrapper.framework; includeInIndex = 0; path = Pods_TuringCalendar.framework; sourceTree = BUILT_PRODUCTS_DIR; };
		B426B1C42031AA040020B11D /* TuringCalendar.app */ = {isa = PBXFileReference; explicitFileType = wrapper.application; includeInIndex = 0; path = TuringCalendar.app; sourceTree = BUILT_PRODUCTS_DIR; };
		B426B1C72031AA040020B11D /* AppDelegate.swift */ = {isa = PBXFileReference; lastKnownFileType = sourcecode.swift; path = AppDelegate.swift; sourceTree = "<group>"; };
		B426B1C92031AA040020B11D /* ViewController.swift */ = {isa = PBXFileReference; lastKnownFileType = sourcecode.swift; path = ViewController.swift; sourceTree = "<group>"; };
		B426B1CC2031AA040020B11D /* Base */ = {isa = PBXFileReference; lastKnownFileType = file.storyboard; name = Base; path = Base.lproj/Main.storyboard; sourceTree = "<group>"; };
		B426B1CE2031AA040020B11D /* Assets.xcassets */ = {isa = PBXFileReference; lastKnownFileType = folder.assetcatalog; path = Assets.xcassets; sourceTree = "<group>"; };
		B426B1D12031AA040020B11D /* Base */ = {isa = PBXFileReference; lastKnownFileType = file.storyboard; name = Base; path = Base.lproj/LaunchScreen.storyboard; sourceTree = "<group>"; };
		B426B1D32031AA040020B11D /* Info.plist */ = {isa = PBXFileReference; lastKnownFileType = text.plist.xml; path = Info.plist; sourceTree = "<group>"; };
		B426B1D92031AA470020B11D /* calendar.pdf */ = {isa = PBXFileReference; lastKnownFileType = image.pdf; path = calendar.pdf; sourceTree = "<group>"; };
		F389A88E2CD41057BD97D801 /* Pods-TuringCalendar.debug.xcconfig */ = {isa = PBXFileReference; includeInIndex = 1; lastKnownFileType = text.xcconfig; name = "Pods-TuringCalendar.debug.xcconfig"; path = "Pods/Target Support Files/Pods-TuringCalendar/Pods-TuringCalendar.debug.xcconfig"; sourceTree = "<group>"; };
		FC99C4C3C97C9239C4E01EFB /* Pods-TuringCalendar.release.xcconfig */ = {isa = PBXFileReference; includeInIndex = 1; lastKnownFileType = text.xcconfig; name = "Pods-TuringCalendar.release.xcconfig"; path = "Pods/Target Support Files/Pods-TuringCalendar/Pods-TuringCalendar.release.xcconfig"; sourceTree = "<group>"; };
/* End PBXFileReference section */

/* Begin PBXFrameworksBuildPhase section */
		B426B1C12031AA040020B11D /* Frameworks */ = {
			isa = PBXFrameworksBuildPhase;
			buildActionMask = 2147483647;
			files = (
				293A7938F2ECF8B7C4C1C924 /* Pods_TuringCalendar.framework in Frameworks */,
			);
			runOnlyForDeploymentPostprocessing = 0;
		};
/* End PBXFrameworksBuildPhase section */

/* Begin PBXGroup section */
		A09B584309D50C42C8729930 /* Pods */ = {
			isa = PBXGroup;
			children = (
				F389A88E2CD41057BD97D801 /* Pods-TuringCalendar.debug.xcconfig */,
				FC99C4C3C97C9239C4E01EFB /* Pods-TuringCalendar.release.xcconfig */,
			);
			name = Pods;
			sourceTree = "<group>";
		};
		B0B0A11439B6649EF20F0C4C /* Frameworks */ = {
			isa = PBXGroup;
			children = (
				1C10145A506D09A7CB90227D /* Pods_TuringCalendar.framework */,
			);
			name = Frameworks;
			sourceTree = "<group>";
		};
		B426B1BB2031AA040020B11D = {
			isa = PBXGroup;
			children = (
				B426B1C62031AA040020B11D /* TuringCalendar */,
				B426B1C52031AA040020B11D /* Products */,
				A09B584309D50C42C8729930 /* Pods */,
				B0B0A11439B6649EF20F0C4C /* Frameworks */,
			);
			sourceTree = "<group>";
		};
		B426B1C52031AA040020B11D /* Products */ = {
			isa = PBXGroup;
			children = (
				B426B1C42031AA040020B11D /* TuringCalendar.app */,
			);
			name = Products;
			sourceTree = "<group>";
		};
		B426B1C62031AA040020B11D /* TuringCalendar */ = {
			isa = PBXGroup;
			children = (
				B426B1D92031AA470020B11D /* calendar.pdf */,
				B426B1C72031AA040020B11D /* AppDelegate.swift */,
				B426B1C92031AA040020B11D /* ViewController.swift */,
				B426B1CB2031AA040020B11D /* Main.storyboard */,
				B426B1CE2031AA040020B11D /* Assets.xcassets */,
				B426B1D02031AA040020B11D /* LaunchScreen.storyboard */,
				B426B1D32031AA040020B11D /* Info.plist */,
			);
			path = TuringCalendar;
			sourceTree = "<group>";
		};
/* End PBXGroup section */

/* Begin PBXNativeTarget section */
		B426B1C32031AA040020B11D /* TuringCalendar */ = {
			isa = PBXNativeTarget;
			buildConfigurationList = B426B1D62031AA040020B11D /* Build configuration list for PBXNativeTarget "TuringCalendar" */;
			buildPhases = (
				00ACD5572D045A17044C3AF2 /* [CP] Check Pods Manifest.lock */,
				B426B1C02031AA040020B11D /* Sources */,
				B426B1C12031AA040020B11D /* Frameworks */,
				B426B1C22031AA040020B11D /* Resources */,
				DF521BBC37C633A859A76211 /* [CP] Embed Pods Frameworks */,
				304232F65B749C5C2E898654 /* [CP] Copy Pods Resources */,
			);
			buildRules = (
			);
			dependencies = (
			);
			name = TuringCalendar;
			productName = TuringCalendar;
			productReference = B426B1C42031AA040020B11D /* TuringCalendar.app */;
			productType = "com.apple.product-type.application";
		};
/* End PBXNativeTarget section */

/* Begin PBXProject section */
		B426B1BC2031AA040020B11D /* Project object */ = {
			isa = PBXProject;
			attributes = {
				LastSwiftUpdateCheck = 0920;
				LastUpgradeCheck = 0920;
				ORGANIZATIONNAME = TangChi;
				TargetAttributes = {
					B426B1C32031AA040020B11D = {
						CreatedOnToolsVersion = 9.2;
						ProvisioningStyle = Automatic;
					};
				};
			};
			buildConfigurationList = B426B1BF2031AA040020B11D /* Build configuration list for PBXProject "TuringCalendar" */;
			compatibilityVersion = "Xcode 8.0";
			developmentRegion = en;
			hasScannedForEncodings = 0;
			knownRegions = (
				en,
				Base,
			);
			mainGroup = B426B1BB2031AA040020B11D;
			productRefGroup = B426B1C52031AA040020B11D /* Products */;
			projectDirPath = "";
			projectRoot = "";
			targets = (
				B426B1C32031AA040020B11D /* TuringCalendar */,
			);
		};
/* End PBXProject section */

/* Begin PBXResourcesBuildPhase section */
		B426B1C22031AA040020B11D /* Resources */ = {
			isa = PBXResourcesBuildPhase;
			buildActionMask = 2147483647;
			files = (
				B426B1D22031AA040020B11D /* LaunchScreen.storyboard in Resources */,
				B426B1CF2031AA040020B11D /* Assets.xcassets in Resources */,
				B426B1DA2031AA470020B11D /* calendar.pdf in Resources */,
				B426B1CD2031AA040020B11D /* Main.storyboard in Resources */,
			);
			runOnlyForDeploymentPostprocessing = 0;
		};
/* End PBXResourcesBuildPhase section */

/* Begin PBXShellScriptBuildPhase section */
		00ACD5572D045A17044C3AF2 /* [CP] Check Pods Manifest.lock */ = {
			isa = PBXShellScriptBuildPhase;
			buildActionMask = 2147483647;
			files = (
			);
			inputPaths = (
				"${PODS_PODFILE_DIR_PATH}/Podfile.lock",
				"${PODS_ROOT}/Manifest.lock",
			);
			name = "[CP] Check Pods Manifest.lock";
			outputPaths = (
				"$(DERIVED_FILE_DIR)/Pods-TuringCalendar-checkManifestLockResult.txt",
			);
			runOnlyForDeploymentPostprocessing = 0;
			shellPath = /bin/sh;
			shellScript = "diff \"${PODS_PODFILE_DIR_PATH}/Podfile.lock\" \"${PODS_ROOT}/Manifest.lock\" > /dev/null\nif [ $? != 0 ] ; then\n    # print error to STDERR\n    echo \"error: The sandbox is not in sync with the Podfile.lock. Run 'pod install' or update your CocoaPods installation.\" >&2\n    exit 1\nfi\n# This output is used by Xcode 'outputs' to avoid re-running this script phase.\necho \"SUCCESS\" > \"${SCRIPT_OUTPUT_FILE_0}\"\n";
			showEnvVarsInLog = 0;
		};
		304232F65B749C5C2E898654 /* [CP] Copy Pods Resources */ = {
			isa = PBXShellScriptBuildPhase;
			buildActionMask = 2147483647;
			files = (
			);
			inputPaths = (
			);
			name = "[CP] Copy Pods Resources";
			outputPaths = (
			);
			runOnlyForDeploymentPostprocessing = 0;
			shellPath = /bin/sh;
			shellScript = "\"${SRCROOT}/Pods/Target Support Files/Pods-TuringCalendar/Pods-TuringCalendar-resources.sh\"\n";
			showEnvVarsInLog = 0;
		};
		DF521BBC37C633A859A76211 /* [CP] Embed Pods Frameworks */ = {
			isa = PBXShellScriptBuildPhase;
			buildActionMask = 2147483647;
			files = (
			);
			inputPaths = (
				"${SRCROOT}/Pods/Target Support Files/Pods-TuringCalendar/Pods-TuringCalendar-frameworks.sh",
				"${BUILT_PRODUCTS_DIR}/M13PDFKit/M13PDFKit.framework",
				"${BUILT_PRODUCTS_DIR}/TTOpenInAppActivity/TTOpenInAppActivity.framework",
			);
			name = "[CP] Embed Pods Frameworks";
			outputPaths = (
				"${TARGET_BUILD_DIR}/${FRAMEWORKS_FOLDER_PATH}/M13PDFKit.framework",
				"${TARGET_BUILD_DIR}/${FRAMEWORKS_FOLDER_PATH}/TTOpenInAppActivity.framework",
			);
			runOnlyForDeploymentPostprocessing = 0;
			shellPath = /bin/sh;
			shellScript = "\"${SRCROOT}/Pods/Target Support Files/Pods-TuringCalendar/Pods-TuringCalendar-frameworks.sh\"\n";
			showEnvVarsInLog = 0;
		};
/* End PBXShellScriptBuildPhase section */

/* Begin PBXSourcesBuildPhase section */
		B426B1C02031AA040020B11D /* Sources */ = {
			isa = PBXSourcesBuildPhase;
			buildActionMask = 2147483647;
			files = (
				B426B1CA2031AA040020B11D /* ViewController.swift in Sources */,
				B426B1C82031AA040020B11D /* AppDelegate.swift in Sources */,
			);
			runOnlyForDeploymentPostprocessing = 0;
		};
/* End PBXSourcesBuildPhase section */

/* Begin PBXVariantGroup section */
		B426B1CB2031AA040020B11D /* Main.storyboard */ = {
			isa = PBXVariantGroup;
			children = (
				B426B1CC2031AA040020B11D /* Base */,
			);
			name = Main.storyboard;
			sourceTree = "<group>";
		};
		B426B1D02031AA040020B11D /* LaunchScreen.storyboard */ = {
			isa = PBXVariantGroup;
			children = (
				B426B1D12031AA040020B11D /* Base */,
			);
			name = LaunchScreen.storyboard;
			sourceTree = "<group>";
		};
/* End PBXVariantGroup section */

/* Begin XCBuildConfiguration section */
		B426B1D42031AA040020B11D /* Debug */ = {
			isa = XCBuildConfiguration;
			buildSettings = {
				ALWAYS_SEARCH_USER_PATHS = NO;
				CLANG_ANALYZER_NONNULL = YES;
				CLANG_ANALYZER_NUMBER_OBJECT_CONVERSION = YES_AGGRESSIVE;
				CLANG_CXX_LANGUAGE_STANDARD = "gnu++14";
				CLANG_CXX_LIBRARY = "libc++";
				CLANG_ENABLE_MODULES = YES;
				CLANG_ENABLE_OBJC_ARC = YES;
				CLANG_WARN_BLOCK_CAPTURE_AUTORELEASING = YES;
				CLANG_WARN_BOOL_CONVERSION = YES;
				CLANG_WARN_COMMA = YES;
				CLANG_WARN_CONSTANT_CONVERSION = YES;
				CLANG_WARN_DIRECT_OBJC_ISA_USAGE = YES_ERROR;
				CLANG_WARN_DOCUMENTATION_COMMENTS = YES;
				CLANG_WARN_EMPTY_BODY = YES;
				CLANG_WARN_ENUM_CONVERSION = YES;
				CLANG_WARN_INFINITE_RECURSION = YES;
				CLANG_WARN_INT_CONVERSION = YES;
				CLANG_WARN_NON_LITERAL_NULL_CONVERSION = YES;
				CLANG_WARN_OBJC_LITERAL_CONVERSION = YES;
				CLANG_WARN_OBJC_ROOT_CLASS = YES_ERROR;
				CLANG_WARN_RANGE_LOOP_ANALYSIS = YES;
				CLANG_WARN_STRICT_PROTOTYPES = YES;
				CLANG_WARN_SUSPICIOUS_MOVE = YES;
				CLANG_WARN_UNGUARDED_AVAILABILITY = YES_AGGRESSIVE;
				CLANG_WARN_UNREACHABLE_CODE = YES;
				CLANG_WARN__DUPLICATE_METHOD_MATCH = YES;
				CODE_SIGN_IDENTITY = "iPhone Developer";
				COPY_PHASE_STRIP = NO;
				DEBUG_INFORMATION_FORMAT = dwarf;
				ENABLE_STRICT_OBJC_MSGSEND = YES;
				ENABLE_TESTABILITY = YES;
				GCC_C_LANGUAGE_STANDARD = gnu11;
				GCC_DYNAMIC_NO_PIC = NO;
				GCC_NO_COMMON_BLOCKS = YES;
				GCC_OPTIMIZATION_LEVEL = 0;
				GCC_PREPROCESSOR_DEFINITIONS = (
					"DEBUG=1",
					"$(inherited)",
				);
				GCC_WARN_64_TO_32_BIT_CONVERSION = YES;
				GCC_WARN_ABOUT_RETURN_TYPE = YES_ERROR;
				GCC_WARN_UNDECLARED_SELECTOR = YES;
				GCC_WARN_UNINITIALIZED_AUTOS = YES_AGGRESSIVE;
				GCC_WARN_UNUSED_FUNCTION = YES;
				GCC_WARN_UNUSED_VARIABLE = YES;
				IPHONEOS_DEPLOYMENT_TARGET = 9.0;
				MTL_ENABLE_DEBUG_INFO = YES;
				ONLY_ACTIVE_ARCH = YES;
				SDKROOT = iphoneos;
				SWIFT_ACTIVE_COMPILATION_CONDITIONS = DEBUG;
				SWIFT_OPTIMIZATION_LEVEL = "-Onone";
			};
			name = Debug;
		};
		B426B1D52031AA040020B11D /* Release */ = {
			isa = XCBuildConfiguration;
			buildSettings = {
				ALWAYS_SEARCH_USER_PATHS = NO;
				CLANG_ANALYZER_NONNULL = YES;
				CLANG_ANALYZER_NUMBER_OBJECT_CONVERSION = YES_AGGRESSIVE;
				CLANG_CXX_LANGUAGE_STANDARD = "gnu++14";
				CLANG_CXX_LIBRARY = "libc++";
				CLANG_ENABLE_MODULES = YES;
				CLANG_ENABLE_OBJC_ARC = YES;
				CLANG_WARN_BLOCK_CAPTURE_AUTORELEASING = YES;
				CLANG_WARN_BOOL_CONVERSION = YES;
				CLANG_WARN_COMMA = YES;
				CLANG_WARN_CONSTANT_CONVERSION = YES;
				CLANG_WARN_DIRECT_OBJC_ISA_USAGE = YES_ERROR;
				CLANG_WARN_DOCUMENTATION_COMMENTS = YES;
				CLANG_WARN_EMPTY_BODY = YES;
				CLANG_WARN_ENUM_CONVERSION = YES;
				CLANG_WARN_INFINITE_RECURSION = YES;
				CLANG_WARN_INT_CONVERSION = YES;
				CLANG_WARN_NON_LITERAL_NULL_CONVERSION = YES;
				CLANG_WARN_OBJC_LITERAL_CONVERSION = YES;
				CLANG_WARN_OBJC_ROOT_CLASS = YES_ERROR;
				CLANG_WARN_RANGE_LOOP_ANALYSIS = YES;
				CLANG_WARN_STRICT_PROTOTYPES = YES;
				CLANG_WARN_SUSPICIOUS_MOVE = YES;
				CLANG_WARN_UNGUARDED_AVAILABILITY = YES_AGGRESSIVE;
				CLANG_WARN_UNREACHABLE_CODE = YES;
				CLANG_WARN__DUPLICATE_METHOD_MATCH = YES;
				CODE_SIGN_IDENTITY = "iPhone Developer";
				COPY_PHASE_STRIP = NO;
				DEBUG_INFORMATION_FORMAT = "dwarf-with-dsym";
				ENABLE_NS_ASSERTIONS = NO;
				ENABLE_STRICT_OBJC_MSGSEND = YES;
				GCC_C_LANGUAGE_STANDARD = gnu11;
				GCC_NO_COMMON_BLOCKS = YES;
				GCC_WARN_64_TO_32_BIT_CONVERSION = YES;
				GCC_WARN_ABOUT_RETURN_TYPE = YES_ERROR;
				GCC_WARN_UNDECLARED_SELECTOR = YES;
				GCC_WARN_UNINITIALIZED_AUTOS = YES_AGGRESSIVE;
				GCC_WARN_UNUSED_FUNCTION = YES;
				GCC_WARN_UNUSED_VARIABLE = YES;
				IPHONEOS_DEPLOYMENT_TARGET = 9.0;
				MTL_ENABLE_DEBUG_INFO = NO;
				SDKROOT = iphoneos;
				SWIFT_OPTIMIZATION_LEVEL = "-Owholemodule";
				VALIDATE_PRODUCT = YES;
			};
			name = Release;
		};
		B426B1D72031AA040020B11D /* Debug */ = {
			isa = XCBuildConfiguration;
			baseConfigurationReference = F389A88E2CD41057BD97D801 /* Pods-TuringCalendar.debug.xcconfig */;
			buildSettings = {
				ASSETCATALOG_COMPILER_APPICON_NAME = AppIcon;
				CODE_SIGN_STYLE = Automatic;
				DEVELOPMENT_TEAM = JZMTFJPQ8W;
				ENABLE_BITCODE = NO;
				INFOPLIST_FILE = TuringCalendar/Info.plist;
				LD_RUNPATH_SEARCH_PATHS = "$(inherited) @executable_path/Frameworks";
				PRODUCT_BUNDLE_IDENTIFIER = com.tangchi.turingcalendar;
				PRODUCT_NAME = "$(TARGET_NAME)";
				SWIFT_VERSION = 4.0;
				TARGETED_DEVICE_FAMILY = "1,2";
			};
			name = Debug;
		};
		B426B1D82031AA040020B11D /* Release */ = {
			isa = XCBuildConfiguration;
			baseConfigurationReference = FC99C4C3C97C9239C4E01EFB /* Pods-TuringCalendar.release.xcconfig */;
			buildSettings = {
				ASSETCATALOG_COMPILER_APPICON_NAME = AppIcon;
				CODE_SIGN_STYLE = Automatic;
				DEVELOPMENT_TEAM = JZMTFJPQ8W;
				ENABLE_BITCODE = NO;
				INFOPLIST_FILE = TuringCalendar/Info.plist;
				LD_RUNPATH_SEARCH_PATHS = "$(inherited) @executable_path/Frameworks";
				PRODUCT_BUNDLE_IDENTIFIER = com.tangchi.turingcalendar;
				PRODUCT_NAME = "$(TARGET_NAME)";
				SWIFT_VERSION = 4.0;
				TARGETED_DEVICE_FAMILY = "1,2";
			};
			name = Release;
		};
/* End XCBuildConfiguration section */

/* Begin XCConfigurationList section */
		B426B1BF2031AA040020B11D /* Build configuration list for PBXProject "TuringCalendar" */ = {
			isa = XCConfigurationList;
			buildConfigurations = (
				B426B1D42031AA040020B11D /* Debug */,
				B426B1D52031AA040020B11D /* Release */,
			);
			defaultConfigurationIsVisible = 0;
			defaultConfigurationName = Release;
		};
		B426B1D62031AA040020B11D /* Build configuration list for PBXNativeTarget "TuringCalendar" */ = {
			isa = XCConfigurationList;
			buildConfigurations = (
				B426B1D72031AA040020B11D /* Debug */,
				B426B1D82031AA040020B11D /* Release */,
			);
			defaultConfigurationIsVisible = 0;
			defaultConfigurationName = Release;
		};
/* End XCConfigurationList section */
	};
	rootObject = B426B1BC2031AA040020B11D /* Project object */;
}
